
Microsoft Visual Studio Solution File, Format Version 12.00
# Visual Studio Version 17
VisualStudioVersion = 17.3.32901.215
MinimumVisualStudioVersion = 10.0.40219.1
Project("{FAE04EC0-301F-11D3-BF4B-00C04F79EFBC}") = "Labo_tp1", "Labo_tp1.csproj", "{C51371AD-9237-47AD-9F1E-70AA58A1E85B}"
EndProject
Global
	GlobalSection(SolutionConfigurationPlatforms) = preSolution
		Debug|Any CPU = Debug|Any CPU
		Release|Any CPU = Release|Any CPU
	EndGlobalSection
	GlobalSection(ProjectConfigurationPlatforms) = postSolution
		{C51371AD-9237-47AD-9F1E-70AA58A1E85B}.Debug|Any CPU.ActiveCfg = Debug|Any CPU
		{C51371AD-9237-47AD-9F1E-70AA58A1E85B}.Debug|Any CPU.Build.0 = Debug|Any CPU
		{C51371AD-9237-47AD-9F1E-70AA58A1E85B}.Release|Any CPU.ActiveCfg = Release|Any CPU
		{C51371AD-9237-47AD-9F1E-70AA58A1E85B}.Release|Any CPU.Build.0 = Release|Any CPU
	EndGlobalSection
	GlobalSection(SolutionProperties) = preSolution
		HideSolutionNode = FALSE
	EndGlobalSection
	GlobalSection(ExtensibilityGlobals) = postSolution
		SolutionGuid = {4E003091-8B1A-452C-9894-644FFDF1D5C0}
	EndGlobalSection
EndGlobal
